// !$*UTF8*$!
{
	archiveVersion = 1;
	classes = {
	};
	objectVersion = 48;
	objects = {

/* Begin PBXBuildFile section */
		963B45982026E5B900488DAB /* AppDelegate.swift in Sources */ = {isa = PBXBuildFile; fileRef = 963B45972026E5B900488DAB /* AppDelegate.swift */; };
		963B459A2026E5B900488DAB /* ViewController.swift in Sources */ = {isa = PBXBuildFile; fileRef = 963B45992026E5B900488DAB /* ViewController.swift */; };
		963B459F2026E5B900488DAB /* Assets.xcassets in Resources */ = {isa = PBXBuildFile; fileRef = 963B459E2026E5B900488DAB /* Assets.xcassets */; };
		963B45A22026E5B900488DAB /* LaunchScreen.storyboard in Resources */ = {isa = PBXBuildFile; fileRef = 963B45A02026E5B900488DAB /* LaunchScreen.storyboard */; };
		963B45AD2026E5B900488DAB /* GachaTests.swift in Sources */ = {isa = PBXBuildFile; fileRef = 963B45AC2026E5B900488DAB /* GachaTests.swift */; };
		963B45B82026E5B900488DAB /* GachaUITests.swift in Sources */ = {isa = PBXBuildFile; fileRef = 963B45B72026E5B900488DAB /* GachaUITests.swift */; };
		963B45C82026EA3700488DAB /* ResultViewController.swift in Sources */ = {isa = PBXBuildFile; fileRef = 963B45C72026EA3700488DAB /* ResultViewController.swift */; };
		963B45C92026EF1000488DAB /* Main.storyboard in Resources */ = {isa = PBXBuildFile; fileRef = 963B459B2026E5B900488DAB /* Main.storyboard */; };
		96E2FF0420281F3800BB3C50 /* bg_blue@2x.png in Resources */ = {isa = PBXBuildFile; fileRef = 96E2FEF420281F3800BB3C50 /* bg_blue@2x.png */; };
		96E2FF0520281F3800BB3C50 /* bg_gold@2x.png in Resources */ = {isa = PBXBuildFile; fileRef = 96E2FEF520281F3800BB3C50 /* bg_gold@2x.png */; };
		96E2FF0620281F3800BB3C50 /* bg_red@2x.png in Resources */ = {isa = PBXBuildFile; fileRef = 96E2FEF620281F3800BB3C50 /* bg_red@2x.png */; };
		96E2FF0720281F3800BB3C50 /* gacha.png in Resources */ = {isa = PBXBuildFile; fileRef = 96E2FEF720281F3800BB3C50 /* gacha.png */; };
		96E2FF0820281F3800BB3C50 /* gacha@2x.png in Resources */ = {isa = PBXBuildFile; fileRef = 96E2FEF820281F3800BB3C50 /* gacha@2x.png */; };
		96E2FF0920281F3800BB3C50 /* monster001.png in Resources */ = {isa = PBXBuildFile; fileRef = 96E2FEFA20281F3800BB3C50 /* monster001.png */; };
		96E2FF0A20281F3800BB3C50 /* monster002.png in Resources */ = {isa = PBXBuildFile; fileRef = 96E2FEFB20281F3800BB3C50 /* monster002.png */; };
		96E2FF0B20281F3800BB3C50 /* monster003.png in Resources */ = {isa = PBXBuildFile; fileRef = 96E2FEFC20281F3800BB3C50 /* monster003.png */; };
		96E2FF0C20281F3800BB3C50 /* monster004.png in Resources */ = {isa = PBXBuildFile; fileRef = 96E2FEFD20281F3800BB3C50 /* monster004.png */; };
		96E2FF0D20281F3800BB3C50 /* monster005.png in Resources */ = {isa = PBXBuildFile; fileRef = 96E2FEFE20281F3800BB3C50 /* monster005.png */; };
		96E2FF0E20281F3800BB3C50 /* monster006.png in Resources */ = {isa = PBXBuildFile; fileRef = 96E2FEFF20281F3800BB3C50 /* monster006.png */; };
		96E2FF0F20281F3800BB3C50 /* monster007.png in Resources */ = {isa = PBXBuildFile; fileRef = 96E2FF0020281F3800BB3C50 /* monster007.png */; };
		96E2FF1020281F3800BB3C50 /* monster008.png in Resources */ = {isa = PBXBuildFile; fileRef = 96E2FF0120281F3800BB3C50 /* monster008.png */; };
		96E2FF1120281F3800BB3C50 /* monster009.png in Resources */ = {isa = PBXBuildFile; fileRef = 96E2FF0220281F3800BB3C50 /* monster009.png */; };
		96E2FF1220281F3800BB3C50 /* monster010.png in Resources */ = {isa = PBXBuildFile; fileRef = 96E2FF0320281F3800BB3C50 /* monster010.png */; };
/* End PBXBuildFile section */

/* Begin PBXContainerItemProxy section */
		963B45A92026E5B900488DAB /* PBXContainerItemProxy */ = {
			isa = PBXContainerItemProxy;
			containerPortal = 963B458C2026E5B900488DAB /* Project object */;
			proxyType = 1;
			remoteGlobalIDString = 963B45932026E5B900488DAB;
			remoteInfo = Gacha;
		};
		963B45B42026E5B900488DAB /* PBXContainerItemProxy */ = {
			isa = PBXContainerItemProxy;
			containerPortal = 963B458C2026E5B900488DAB /* Project object */;
			proxyType = 1;
			remoteGlobalIDString = 963B45932026E5B900488DAB;
			remoteInfo = Gacha;
		};
/* End PBXContainerItemProxy section */

/* Begin PBXFileReference section */
		963B45942026E5B900488DAB /* Gacha.app */ = {isa = PBXFileReference; explicitFileType = wrapper.application; includeInIndex = 0; path = Gacha.app; sourceTree = BUILT_PRODUCTS_DIR; };
		963B45972026E5B900488DAB /* AppDelegate.swift */ = {isa = PBXFileReference; lastKnownFileType = sourcecode.swift; path = AppDelegate.swift; sourceTree = "<group>"; };
		963B45992026E5B900488DAB /* ViewController.swift */ = {isa = PBXFileReference; lastKnownFileType = sourcecode.swift; path = ViewController.swift; sourceTree = "<group>"; };
		963B459C2026E5B900488DAB /* Base */ = {isa = PBXFileReference; lastKnownFileType = file.storyboard; name = Base; path = Base.lproj/Main.storyboard; sourceTree = "<group>"; };
		963B459E2026E5B900488DAB /* Assets.xcassets */ = {isa = PBXFileReference; lastKnownFileType = folder.assetcatalog; path = Assets.xcassets; sourceTree = "<group>"; };
		963B45A12026E5B900488DAB /* Base */ = {isa = PBXFileReference; lastKnownFileType = file.storyboard; name = Base; path = Base.lproj/LaunchScreen.storyboard; sourceTree = "<group>"; };
		963B45A32026E5B900488DAB /* Info.plist */ = {isa = PBXFileReference; lastKnownFileType = text.plist.xml; path = Info.plist; sourceTree = "<group>"; };
		963B45A82026E5B900488DAB /* GachaTests.xctest */ = {isa = PBXFileReference; explicitFileType = wrapper.cfbundle; includeInIndex = 0; path = GachaTests.xctest; sourceTree = BUILT_PRODUCTS_DIR; };
		963B45AC2026E5B900488DAB /* GachaTests.swift */ = {isa = PBXFileReference; lastKnownFileType = sourcecode.swift; path = GachaTests.swift; sourceTree = "<group>"; };
		963B45AE2026E5B900488DAB /* Info.plist */ = {isa = PBXFileReference; lastKnownFileType = text.plist.xml; path = Info.plist; sourceTree = "<group>"; };
		963B45B32026E5B900488DAB /* GachaUITests.xctest */ = {isa = PBXFileReference; explicitFileType = wrapper.cfbundle; includeInIndex = 0; path = GachaUITests.xctest; sourceTree = BUILT_PRODUCTS_DIR; };
		963B45B72026E5B900488DAB /* GachaUITests.swift */ = {isa = PBXFileReference; lastKnownFileType = sourcecode.swift; path = GachaUITests.swift; sourceTree = "<group>"; };
		963B45B92026E5B900488DAB /* Info.plist */ = {isa = PBXFileReference; lastKnownFileType = text.plist.xml; path = Info.plist; sourceTree = "<group>"; };
		963B45C72026EA3700488DAB /* ResultViewController.swift */ = {isa = PBXFileReference; lastKnownFileType = sourcecode.swift; path = ResultViewController.swift; sourceTree = "<group>"; };
		96E2FEF420281F3800BB3C50 /* bg_blue@2x.png */ = {isa = PBXFileReference; lastKnownFileType = image.png; path = "bg_blue@2x.png"; sourceTree = "<group>"; };
		96E2FEF520281F3800BB3C50 /* bg_gold@2x.png */ = {isa = PBXFileReference; lastKnownFileType = image.png; path = "bg_gold@2x.png"; sourceTree = "<group>"; };
		96E2FEF620281F3800BB3C50 /* bg_red@2x.png */ = {isa = PBXFileReference; lastKnownFileType = image.png; path = "bg_red@2x.png"; sourceTree = "<group>"; };
		96E2FEF720281F3800BB3C50 /* gacha.png */ = {isa = PBXFileReference; lastKnownFileType = image.png; path = gacha.png; sourceTree = "<group>"; };
		96E2FEF820281F3800BB3C50 /* gacha@2x.png */ = {isa = PBXFileReference; lastKnownFileType = image.png; path = "gacha@2x.png"; sourceTree = "<group>"; };
		96E2FEFA20281F3800BB3C50 /* monster001.png */ = {isa = PBXFileReference; lastKnownFileType = image.png; path = monster001.png; sourceTree = "<group>"; };
		96E2FEFB20281F3800BB3C50 /* monster002.png */ = {isa = PBXFileReference; lastKnownFileType = image.png; path = monster002.png; sourceTree = "<group>"; };
		96E2FEFC20281F3800BB3C50 /* monster003.png */ = {isa = PBXFileReference; lastKnownFileType = image.png; path = monster003.png; sourceTree = "<group>"; };
		96E2FEFD20281F3800BB3C50 /* monster004.png */ = {isa = PBXFileReference; lastKnownFileType = image.png; path = monster004.png; sourceTree = "<group>"; };
		96E2FEFE20281F3800BB3C50 /* monster005.png */ = {isa = PBXFileReference; lastKnownFileType = image.png; path = monster005.png; sourceTree = "<group>"; };
		96E2FEFF20281F3800BB3C50 /* monster006.png */ = {isa = PBXFileReference; lastKnownFileType = image.png; path = monster006.png; sourceTree = "<group>"; };
		96E2FF0020281F3800BB3C50 /* monster007.png */ = {isa = PBXFileReference; lastKnownFileType = image.png; path = monster007.png; sourceTree = "<group>"; };
		96E2FF0120281F3800BB3C50 /* monster008.png */ = {isa = PBXFileReference; lastKnownFileType = image.png; path = monster008.png; sourceTree = "<group>"; };
		96E2FF0220281F3800BB3C50 /* monster009.png */ = {isa = PBXFileReference; lastKnownFileType = image.png; path = monster009.png; sourceTree = "<group>"; };
		96E2FF0320281F3800BB3C50 /* monster010.png */ = {isa = PBXFileReference; lastKnownFileType = image.png; path = monster010.png; sourceTree = "<group>"; };
/* End PBXFileReference section */

/* Begin PBXFrameworksBuildPhase section */
		963B45912026E5B900488DAB /* Frameworks */ = {
			isa = PBXFrameworksBuildPhase;
			buildActionMask = 2147483647;
			files = (
			);
			runOnlyForDeploymentPostprocessing = 0;
		};
		963B45A52026E5B900488DAB /* Frameworks */ = {
			isa = PBXFrameworksBuildPhase;
			buildActionMask = 2147483647;
			files = (
			);
			runOnlyForDeploymentPostprocessing = 0;
		};
		963B45B02026E5B900488DAB /* Frameworks */ = {
			isa = PBXFrameworksBuildPhase;
			buildActionMask = 2147483647;
			files = (
			);
			runOnlyForDeploymentPostprocessing = 0;
		};
/* End PBXFrameworksBuildPhase section */

/* Begin PBXGroup section */
		963B458B2026E5B900488DAB = {
			isa = PBXGroup;
			children = (
				963B45962026E5B900488DAB /* Gacha */,
				963B45AB2026E5B900488DAB /* GachaTests */,
				963B45B62026E5B900488DAB /* GachaUITests */,
				963B45952026E5B900488DAB /* Products */,
			);
			sourceTree = "<group>";
		};
		963B45952026E5B900488DAB /* Products */ = {
			isa = PBXGroup;
			children = (
				963B45942026E5B900488DAB /* Gacha.app */,
				963B45A82026E5B900488DAB /* GachaTests.xctest */,
				963B45B32026E5B900488DAB /* GachaUITests.xctest */,
			);
			name = Products;
			sourceTree = "<group>";
		};
		963B45962026E5B900488DAB /* Gacha */ = {
			isa = PBXGroup;
			children = (
				96E2FEF220281F3800BB3C50 /* GachaResources */,
				963B45972026E5B900488DAB /* AppDelegate.swift */,
				963B45992026E5B900488DAB /* ViewController.swift */,
				963B459B2026E5B900488DAB /* Main.storyboard */,
				963B459E2026E5B900488DAB /* Assets.xcassets */,
				963B45A02026E5B900488DAB /* LaunchScreen.storyboard */,
				963B45A32026E5B900488DAB /* Info.plist */,
				963B45C72026EA3700488DAB /* ResultViewController.swift */,
			);
			path = Gacha;
			sourceTree = "<group>";
		};
		963B45AB2026E5B900488DAB /* GachaTests */ = {
			isa = PBXGroup;
			children = (
				963B45AC2026E5B900488DAB /* GachaTests.swift */,
				963B45AE2026E5B900488DAB /* Info.plist */,
			);
			path = GachaTests;
			sourceTree = "<group>";
		};
		963B45B62026E5B900488DAB /* GachaUITests */ = {
			isa = PBXGroup;
			children = (
				963B45B72026E5B900488DAB /* GachaUITests.swift */,
				963B45B92026E5B900488DAB /* Info.plist */,
			);
			path = GachaUITests;
			sourceTree = "<group>";
		};
		96E2FEF220281F3800BB3C50 /* GachaResources */ = {
			isa = PBXGroup;
			children = (
				96E2FEF320281F3800BB3C50 /* background */,
				96E2FEF920281F3800BB3C50 /* monster */,
			);
			path = GachaResources;
			sourceTree = SOURCE_ROOT;
		};
		96E2FEF320281F3800BB3C50 /* background */ = {
			isa = PBXGroup;
			children = (
				96E2FEF420281F3800BB3C50 /* bg_blue@2x.png */,
				96E2FEF520281F3800BB3C50 /* bg_gold@2x.png */,
				96E2FEF620281F3800BB3C50 /* bg_red@2x.png */,
				96E2FEF720281F3800BB3C50 /* gacha.png */,
				96E2FEF820281F3800BB3C50 /* gacha@2x.png */,
			);
			path = background;
			sourceTree = "<group>";
		};
		96E2FEF920281F3800BB3C50 /* monster */ = {
			isa = PBXGroup;
			children = (
				96E2FEFA20281F3800BB3C50 /* monster001.png */,
				96E2FEFB20281F3800BB3C50 /* monster002.png */,
				96E2FEFC20281F3800BB3C50 /* monster003.png */,
				96E2FEFD20281F3800BB3C50 /* monster004.png */,
				96E2FEFE20281F3800BB3C50 /* monster005.png */,
				96E2FEFF20281F3800BB3C50 /* monster006.png */,
				96E2FF0020281F3800BB3C50 /* monster007.png */,
				96E2FF0120281F3800BB3C50 /* monster008.png */,
				96E2FF0220281F3800BB3C50 /* monster009.png */,
				96E2FF0320281F3800BB3C50 /* monster010.png */,
			);
			path = monster;
			sourceTree = "<group>";
		};
/* End PBXGroup section */

/* Begin PBXNativeTarget section */
		963B45932026E5B900488DAB /* Gacha */ = {
			isa = PBXNativeTarget;
			buildConfigurationList = 963B45BC2026E5B900488DAB /* Build configuration list for PBXNativeTarget "Gacha" */;
			buildPhases = (
				963B45902026E5B900488DAB /* Sources */,
				963B45912026E5B900488DAB /* Frameworks */,
				963B45922026E5B900488DAB /* Resources */,
			);
			buildRules = (
			);
			dependencies = (
			);
			name = Gacha;
			productName = Gacha;
			productReference = 963B45942026E5B900488DAB /* Gacha.app */;
			productType = "com.apple.product-type.application";
		};
		963B45A72026E5B900488DAB /* GachaTests */ = {
			isa = PBXNativeTarget;
			buildConfigurationList = 963B45BF2026E5B900488DAB /* Build configuration list for PBXNativeTarget "GachaTests" */;
			buildPhases = (
				963B45A42026E5B900488DAB /* Sources */,
				963B45A52026E5B900488DAB /* Frameworks */,
				963B45A62026E5B900488DAB /* Resources */,
			);
			buildRules = (
			);
			dependencies = (
				963B45AA2026E5B900488DAB /* PBXTargetDependency */,
			);
			name = GachaTests;
			productName = GachaTests;
			productReference = 963B45A82026E5B900488DAB /* GachaTests.xctest */;
			productType = "com.apple.product-type.bundle.unit-test";
		};
		963B45B22026E5B900488DAB /* GachaUITests */ = {
			isa = PBXNativeTarget;
			buildConfigurationList = 963B45C22026E5B900488DAB /* Build configuration list for PBXNativeTarget "GachaUITests" */;
			buildPhases = (
				963B45AF2026E5B900488DAB /* Sources */,
				963B45B02026E5B900488DAB /* Frameworks */,
				963B45B12026E5B900488DAB /* Resources */,
			);
			buildRules = (
			);
			dependencies = (
				963B45B52026E5B900488DAB /* PBXTargetDependency */,
			);
			name = GachaUITests;
			productName = GachaUITests;
			productReference = 963B45B32026E5B900488DAB /* GachaUITests.xctest */;
			productType = "com.apple.product-type.bundle.ui-testing";
		};
/* End PBXNativeTarget section */

/* Begin PBXProject section */
		963B458C2026E5B900488DAB /* Project object */ = {
			isa = PBXProject;
			attributes = {
				LastSwiftUpdateCheck = 0920;
				LastUpgradeCheck = 0920;
				ORGANIZATIONNAME = "juna Kawagishi";
				TargetAttributes = {
					963B45932026E5B900488DAB = {
						CreatedOnToolsVersion = 9.2;
						ProvisioningStyle = Automatic;
					};
					963B45A72026E5B900488DAB = {
						CreatedOnToolsVersion = 9.2;
						ProvisioningStyle = Automatic;
						TestTargetID = 963B45932026E5B900488DAB;
					};
					963B45B22026E5B900488DAB = {
						CreatedOnToolsVersion = 9.2;
						ProvisioningStyle = Automatic;
						TestTargetID = 963B45932026E5B900488DAB;
					};
				};
			};
			buildConfigurationList = 963B458F2026E5B900488DAB /* Build configuration list for PBXProject "Gacha" */;
			compatibilityVersion = "Xcode 8.0";
			developmentRegion = en;
			hasScannedForEncodings = 0;
			knownRegions = (
				en,
				Base,
			);
			mainGroup = 963B458B2026E5B900488DAB;
			productRefGroup = 963B45952026E5B900488DAB /* Products */;
			projectDirPath = "";
			projectRoot = "";
			targets = (
				963B45932026E5B900488DAB /* Gacha */,
				963B45A72026E5B900488DAB /* GachaTests */,
				963B45B22026E5B900488DAB /* GachaUITests */,
			);
		};
/* End PBXProject section */

/* Begin PBXResourcesBuildPhase section */
		963B45922026E5B900488DAB /* Resources */ = {
			isa = PBXResourcesBuildPhase;
			buildActionMask = 2147483647;
			files = (
				963B45A22026E5B900488DAB /* LaunchScreen.storyboard in Resources */,
				96E2FF1020281F3800BB3C50 /* monster008.png in Resources */,
				96E2FF0C20281F3800BB3C50 /* monster004.png in Resources */,
				96E2FF0720281F3800BB3C50 /* gacha.png in Resources */,
				96E2FF0520281F3800BB3C50 /* bg_gold@2x.png in Resources */,
				96E2FF0F20281F3800BB3C50 /* monster007.png in Resources */,
				96E2FF1220281F3800BB3C50 /* monster010.png in Resources */,
				963B459F2026E5B900488DAB /* Assets.xcassets in Resources */,
				96E2FF0E20281F3800BB3C50 /* monster006.png in Resources */,
				963B45C92026EF1000488DAB /* Main.storyboard in Resources */,
				96E2FF1120281F3800BB3C50 /* monster009.png in Resources */,
				96E2FF0820281F3800BB3C50 /* gacha@2x.png in Resources */,
				96E2FF0D20281F3800BB3C50 /* monster005.png in Resources */,
				96E2FF0420281F3800BB3C50 /* bg_blue@2x.png in Resources */,
				96E2FF0920281F3800BB3C50 /* monster001.png in Resources */,
				96E2FF0B20281F3800BB3C50 /* monster003.png in Resources */,
				96E2FF0620281F3800BB3C50 /* bg_red@2x.png in Resources */,
				96E2FF0A20281F3800BB3C50 /* monster002.png in Resources */,
			);
			runOnlyForDeploymentPostprocessing = 0;
		};
		963B45A62026E5B900488DAB /* Resources */ = {
			isa = PBXResourcesBuildPhase;
			buildActionMask = 2147483647;
			files = (
			);
			runOnlyForDeploymentPostprocessing = 0;
		};
		963B45B12026E5B900488DAB /* Resources */ = {
			isa = PBXResourcesBuildPhase;
			buildActionMask = 2147483647;
			files = (
			);
			runOnlyForDeploymentPostprocessing = 0;
		};
/* End PBXResourcesBuildPhase section */

/* Begin PBXSourcesBuildPhase section */
		963B45902026E5B900488DAB /* Sources */ = {
			isa = PBXSourcesBuildPhase;
			buildActionMask = 2147483647;
			files = (
				963B459A2026E5B900488DAB /* ViewController.swift in Sources */,
				963B45982026E5B900488DAB /* AppDelegate.swift in Sources */,
				963B45C82026EA3700488DAB /* ResultViewController.swift in Sources */,
			);
			runOnlyForDeploymentPostprocessing = 0;
		};
		963B45A42026E5B900488DAB /* Sources */ = {
			isa = PBXSourcesBuildPhase;
			buildActionMask = 2147483647;
			files = (
				963B45AD2026E5B900488DAB /* GachaTests.swift in Sources */,
			);
			runOnlyForDeploymentPostprocessing = 0;
		};
		963B45AF2026E5B900488DAB /* Sources */ = {
			isa = PBXSourcesBuildPhase;
			buildActionMask = 2147483647;
			files = (
				963B45B82026E5B900488DAB /* GachaUITests.swift in Sources */,
			);
			runOnlyForDeploymentPostprocessing = 0;
		};
/* End PBXSourcesBuildPhase section */

/* Begin PBXTargetDependency section */
		963B45AA2026E5B900488DAB /* PBXTargetDependency */ = {
			isa = PBXTargetDependency;
			target = 963B45932026E5B900488DAB /* Gacha */;
			targetProxy = 963B45A92026E5B900488DAB /* PBXContainerItemProxy */;
		};
		963B45B52026E5B900488DAB /* PBXTargetDependency */ = {
			isa = PBXTargetDependency;
			target = 963B45932026E5B900488DAB /* Gacha */;
			targetProxy = 963B45B42026E5B900488DAB /* PBXContainerItemProxy */;
		};
/* End PBXTargetDependency section */

/* Begin PBXVariantGroup section */
		963B459B2026E5B900488DAB /* Main.storyboard */ = {
			isa = PBXVariantGroup;
			children = (
				963B459C2026E5B900488DAB /* Base */,
			);
			name = Main.storyboard;
			sourceTree = "<group>";
		};
		963B45A02026E5B900488DAB /* LaunchScreen.storyboard */ = {
			isa = PBXVariantGroup;
			children = (
				963B45A12026E5B900488DAB /* Base */,
			);
			name = LaunchScreen.storyboard;
			sourceTree = "<group>";
		};
/* End PBXVariantGroup section */

/* Begin XCBuildConfiguration section */
		963B45BA2026E5B900488DAB /* Debug */ = {
			isa = XCBuildConfiguration;
			buildSettings = {
				ALWAYS_SEARCH_USER_PATHS = NO;
				CLANG_ANALYZER_NONNULL = YES;
				CLANG_ANALYZER_NUMBER_OBJECT_CONVERSION = YES_AGGRESSIVE;
				CLANG_CXX_LANGUAGE_STANDARD = "gnu++14";
				CLANG_CXX_LIBRARY = "libc++";
				CLANG_ENABLE_MODULES = YES;
				CLANG_ENABLE_OBJC_ARC = YES;
				CLANG_WARN_BLOCK_CAPTURE_AUTORELEASING = YES;
				CLANG_WARN_BOOL_CONVERSION = YES;
				CLANG_WARN_COMMA = YES;
				CLANG_WARN_CONSTANT_CONVERSION = YES;
				CLANG_WARN_DIRECT_OBJC_ISA_USAGE = YES_ERROR;
				CLANG_WARN_DOCUMENTATION_COMMENTS = YES;
				CLANG_WARN_EMPTY_BODY = YES;
				CLANG_WARN_ENUM_CONVERSION = YES;
				CLANG_WARN_INFINITE_RECURSION = YES;
				CLANG_WARN_INT_CONVERSION = YES;
				CLANG_WARN_NON_LITERAL_NULL_CONVERSION = YES;
				CLANG_WARN_OBJC_LITERAL_CONVERSION = YES;
				CLANG_WARN_OBJC_ROOT_CLASS = YES_ERROR;
				CLANG_WARN_RANGE_LOOP_ANALYSIS = YES;
				CLANG_WARN_STRICT_PROTOTYPES = YES;
				CLANG_WARN_SUSPICIOUS_MOVE = YES;
				CLANG_WARN_UNGUARDED_AVAILABILITY = YES_AGGRESSIVE;
				CLANG_WARN_UNREACHABLE_CODE = YES;
				CLANG_WARN__DUPLICATE_METHOD_MATCH = YES;
				CODE_SIGN_IDENTITY = "iPhone Developer";
				COPY_PHASE_STRIP = NO;
				DEBUG_INFORMATION_FORMAT = dwarf;
				ENABLE_STRICT_OBJC_MSGSEND = YES;
				ENABLE_TESTABILITY = YES;
				GCC_C_LANGUAGE_STANDARD = gnu11;
				GCC_DYNAMIC_NO_PIC = NO;
				GCC_NO_COMMON_BLOCKS = YES;
				GCC_OPTIMIZATION_LEVEL = 0;
				GCC_PREPROCESSOR_DEFINITIONS = (
					"DEBUG=1",
					"$(inherited)",
				);
				GCC_WARN_64_TO_32_BIT_CONVERSION = YES;
				GCC_WARN_ABOUT_RETURN_TYPE = YES_ERROR;
				GCC_WARN_UNDECLARED_SELECTOR = YES;
				GCC_WARN_UNINITIALIZED_AUTOS = YES_AGGRESSIVE;
				GCC_WARN_UNUSED_FUNCTION = YES;
				GCC_WARN_UNUSED_VARIABLE = YES;
				IPHONEOS_DEPLOYMENT_TARGET = 11.2;
				MTL_ENABLE_DEBUG_INFO = YES;
				ONLY_ACTIVE_ARCH = YES;
				SDKROOT = iphoneos;
				SWIFT_ACTIVE_COMPILATION_CONDITIONS = DEBUG;
				SWIFT_OPTIMIZATION_LEVEL = "-Onone";
			};
			name = Debug;
		};
		963B45BB2026E5B900488DAB /* Release */ = {
			isa = XCBuildConfiguration;
			buildSettings = {
				ALWAYS_SEARCH_USER_PATHS = NO;
				CLANG_ANALYZER_NONNULL = YES;
				CLANG_ANALYZER_NUMBER_OBJECT_CONVERSION = YES_AGGRESSIVE;
				CLANG_CXX_LANGUAGE_STANDARD = "gnu++14";
				CLANG_CXX_LIBRARY = "libc++";
				CLANG_ENABLE_MODULES = YES;
				CLANG_ENABLE_OBJC_ARC = YES;
				CLANG_WARN_BLOCK_CAPTURE_AUTORELEASING = YES;
				CLANG_WARN_BOOL_CONVERSION = YES;
				CLANG_WARN_COMMA = YES;
				CLANG_WARN_CONSTANT_CONVERSION = YES;
				CLANG_WARN_DIRECT_OBJC_ISA_USAGE = YES_ERROR;
				CLANG_WARN_DOCUMENTATION_COMMENTS = YES;
				CLANG_WARN_EMPTY_BODY = YES;
				CLANG_WARN_ENUM_CONVERSION = YES;
				CLANG_WARN_INFINITE_RECURSION = YES;
				CLANG_WARN_INT_CONVERSION = YES;
				CLANG_WARN_NON_LITERAL_NULL_CONVERSION = YES;
				CLANG_WARN_OBJC_LITERAL_CONVERSION = YES;
				CLANG_WARN_OBJC_ROOT_CLASS = YES_ERROR;
				CLANG_WARN_RANGE_LOOP_ANALYSIS = YES;
				CLANG_WARN_STRICT_PROTOTYPES = YES;
				CLANG_WARN_SUSPICIOUS_MOVE = YES;
				CLANG_WARN_UNGUARDED_AVAILABILITY = YES_AGGRESSIVE;
				CLANG_WARN_UNREACHABLE_CODE = YES;
				CLANG_WARN__DUPLICATE_METHOD_MATCH = YES;
				CODE_SIGN_IDENTITY = "iPhone Developer";
				COPY_PHASE_STRIP = NO;
				DEBUG_INFORMATION_FORMAT = "dwarf-with-dsym";
				ENABLE_NS_ASSERTIONS = NO;
				ENABLE_STRICT_OBJC_MSGSEND = YES;
				GCC_C_LANGUAGE_STANDARD = gnu11;
				GCC_NO_COMMON_BLOCKS = YES;
				GCC_WARN_64_TO_32_BIT_CONVERSION = YES;
				GCC_WARN_ABOUT_RETURN_TYPE = YES_ERROR;
				GCC_WARN_UNDECLARED_SELECTOR = YES;
				GCC_WARN_UNINITIALIZED_AUTOS = YES_AGGRESSIVE;
				GCC_WARN_UNUSED_FUNCTION = YES;
				GCC_WARN_UNUSED_VARIABLE = YES;
				IPHONEOS_DEPLOYMENT_TARGET = 11.2;
				MTL_ENABLE_DEBUG_INFO = NO;
				SDKROOT = iphoneos;
				SWIFT_OPTIMIZATION_LEVEL = "-Owholemodule";
				VALIDATE_PRODUCT = YES;
			};
			name = Release;
		};
		963B45BD2026E5B900488DAB /* Debug */ = {
			isa = XCBuildConfiguration;
			buildSettings = {
				ASSETCATALOG_COMPILER_APPICON_NAME = AppIcon;
				CODE_SIGN_STYLE = Automatic;
				INFOPLIST_FILE = Gacha/Info.plist;
				LD_RUNPATH_SEARCH_PATHS = "$(inherited) @executable_path/Frameworks";
				PRODUCT_BUNDLE_IDENTIFIER = "-7.Gacha";
				PRODUCT_NAME = "$(TARGET_NAME)";
				SWIFT_VERSION = 4.0;
				TARGETED_DEVICE_FAMILY = "1,2";
			};
			name = Debug;
		};
		963B45BE2026E5B900488DAB /* Release */ = {
			isa = XCBuildConfiguration;
			buildSettings = {
				ASSETCATALOG_COMPILER_APPICON_NAME = AppIcon;
				CODE_SIGN_STYLE = Automatic;
				INFOPLIST_FILE = Gacha/Info.plist;
				LD_RUNPATH_SEARCH_PATHS = "$(inherited) @executable_path/Frameworks";
				PRODUCT_BUNDLE_IDENTIFIER = "-7.Gacha";
				PRODUCT_NAME = "$(TARGET_NAME)";
				SWIFT_VERSION = 4.0;
				TARGETED_DEVICE_FAMILY = "1,2";
			};
			name = Release;
		};
		963B45C02026E5B900488DAB /* Debug */ = {
			isa = XCBuildConfiguration;
			buildSettings = {
				ALWAYS_EMBED_SWIFT_STANDARD_LIBRARIES = YES;
				BUNDLE_LOADER = "$(TEST_HOST)";
				CODE_SIGN_STYLE = Automatic;
				INFOPLIST_FILE = GachaTests/Info.plist;
				LD_RUNPATH_SEARCH_PATHS = "$(inherited) @executable_path/Frameworks @loader_path/Frameworks";
				PRODUCT_BUNDLE_IDENTIFIER = "-7.GachaTests";
				PRODUCT_NAME = "$(TARGET_NAME)";
				SWIFT_VERSION = 4.0;
				TARGETED_DEVICE_FAMILY = "1,2";
				TEST_HOST = "$(BUILT_PRODUCTS_DIR)/Gacha.app/Gacha";
			};
			name = Debug;
		};
		963B45C12026E5B900488DAB /* Release */ = {
			isa = XCBuildConfiguration;
			buildSettings = {
				ALWAYS_EMBED_SWIFT_STANDARD_LIBRARIES = YES;
				BUNDLE_LOADER = "$(TEST_HOST)";
				CODE_SIGN_STYLE = Automatic;
				INFOPLIST_FILE = GachaTests/Info.plist;
				LD_RUNPATH_SEARCH_PATHS = "$(inherited) @executable_path/Frameworks @loader_path/Frameworks";
				PRODUCT_BUNDLE_IDENTIFIER = "-7.GachaTests";
				PRODUCT_NAME = "$(TARGET_NAME)";
				SWIFT_VERSION = 4.0;
				TARGETED_DEVICE_FAMILY = "1,2";
				TEST_HOST = "$(BUILT_PRODUCTS_DIR)/Gacha.app/Gacha";
			};
			name = Release;
		};
		963B45C32026E5B900488DAB /* Debug */ = {
			isa = XCBuildConfiguration;
			buildSettings = {
				ALWAYS_EMBED_SWIFT_STANDARD_LIBRARIES = YES;
				CODE_SIGN_STYLE = Automatic;
				INFOPLIST_FILE = GachaUITests/Info.plist;
				LD_RUNPATH_SEARCH_PATHS = "$(inherited) @executable_path/Frameworks @loader_path/Frameworks";
				PRODUCT_BUNDLE_IDENTIFIER = "-7.GachaUITests";
				PRODUCT_NAME = "$(TARGET_NAME)";
				SWIFT_VERSION = 4.0;
				TARGETED_DEVICE_FAMILY = "1,2";
				TEST_TARGET_NAME = Gacha;
			};
			name = Debug;
		};
		963B45C42026E5B900488DAB /* Release */ = {
			isa = XCBuildConfiguration;
			buildSettings = {
				ALWAYS_EMBED_SWIFT_STANDARD_LIBRARIES = YES;
				CODE_SIGN_STYLE = Automatic;
				INFOPLIST_FILE = GachaUITests/Info.plist;
				LD_RUNPATH_SEARCH_PATHS = "$(inherited) @executable_path/Frameworks @loader_path/Frameworks";
				PRODUCT_BUNDLE_IDENTIFIER = "-7.GachaUITests";
				PRODUCT_NAME = "$(TARGET_NAME)";
				SWIFT_VERSION = 4.0;
				TARGETED_DEVICE_FAMILY = "1,2";
				TEST_TARGET_NAME = Gacha;
			};
			name = Release;
		};
/* End XCBuildConfiguration section */

/* Begin XCConfigurationList section */
		963B458F2026E5B900488DAB /* Build configuration list for PBXProject "Gacha" */ = {
			isa = XCConfigurationList;
			buildConfigurations = (
				963B45BA2026E5B900488DAB /* Debug */,
				963B45BB2026E5B900488DAB /* Release */,
			);
			defaultConfigurationIsVisible = 0;
			defaultConfigurationName = Release;
		};
		963B45BC2026E5B900488DAB /* Build configuration list for PBXNativeTarget "Gacha" */ = {
			isa = XCConfigurationList;
			buildConfigurations = (
				963B45BD2026E5B900488DAB /* Debug */,
				963B45BE2026E5B900488DAB /* Release */,
			);
			defaultConfigurationIsVisible = 0;
			defaultConfigurationName = Release;
		};
		963B45BF2026E5B900488DAB /* Build configuration list for PBXNativeTarget "GachaTests" */ = {
			isa = XCConfigurationList;
			buildConfigurations = (
				963B45C02026E5B900488DAB /* Debug */,
				963B45C12026E5B900488DAB /* Release */,
			);
			defaultConfigurationIsVisible = 0;
			defaultConfigurationName = Release;
		};
		963B45C22026E5B900488DAB /* Build configuration list for PBXNativeTarget "GachaUITests" */ = {
			isa = XCConfigurationList;
			buildConfigurations = (
				963B45C32026E5B900488DAB /* Debug */,
				963B45C42026E5B900488DAB /* Release */,
			);
			defaultConfigurationIsVisible = 0;
			defaultConfigurationName = Release;
		};
/* End XCConfigurationList section */
	};
	rootObject = 963B458C2026E5B900488DAB /* Project object */;
}
